Microsoft Visual Studio Solution File, Format Version 12.00
# Visual Studio Version 17
VisualStudioVersion = 17.0.31903.59
MinimumVisualStudioVersion = 10.0.40219.1
Project("{2150E333-8FDC-42A3-9474-1A3956D46DE8}") = "src", "src", "{827E0CD3-B72D-47B6-A68D-7590B98EB39B}"
EndProject
Project("{9A19103F-16F7-4668-BE54-9A1E7A4D6F7C4}") = "TidyTop.App", "src\TidyTop.App\TidyTop.App.csproj", "{9E6B7F36-AB24-4900-9167-D4A6B07C023C}"
EndProject
Project("{9A19103F-16F7-4668-BE54-9A1E7A4D6F7C4}") = "TidyTop.Core", "src\TidyTop.Core\TidyTop.Core.csproj", "{A0521E3B-452D-4BB5-92FA-A5754AB95C30}"
EndProject
Project("{2150E333-8FDC-42A3-9474-1A3956D46DE8}") = "tests", "tests", "{0AB3BF05-4346-4AA6-1389-037BE0695223}"
EndProject
Project("{9A19103F-16F7-4668-BE54-9A1E7A4D6F7C4}") = "TidyTop.App.Tests", "tests\TidyTop.App.Tests\TidyTop.App.Tests.csproj", "{06B45B29-1D79-47FD-9054-3BEF484A46ED}"
EndProject
Project("{9A19103F-16F7-4668-BE54-9A1E7A4D6F7C4}") = "TidyTop.Core.Tests", "tests\TidyTop.Core.Tests\TidyTop.Core.Tests.csproj", "{D1E7AC2E-16CF-4A5D-A16A-8B90937B5036}"
EndProject
Global
    GlobalSection(SolutionConfigurationPlatforms) = preSolution
        Debug|Any CPU = Debug|Any CPU
        Release|Any CPU = Release|Any CPU
    EndGlobalSection
    GlobalSection(ProjectConfigurationPlatforms) = postSolution
        {9E6B7F36-AB24-4900-9167-D4A6B07C023C}.Debug|Any CPU.ActiveCfg = Debug|Any CPU
        {9E6B7F36-AB24-4900-9167-D4A6B07C023C}.Debug|Any CPU.Build.0 = Debug|Any CPU
        {9E6B7F36-AB24-4900-9167-D4A6B07C023C}.Release|Any CPU.ActiveCfg = Release|Any CPU
        {9E6B7F36-AB24-4900-9167-D4A6B07C023C}.Release|Any CPU.Build.0 = Release|Any CPU
        {A0521E3B-452D-4BB5-92FA-A5754AB95C30}.Debug|Any CPU.ActiveCfg = Debug|Any CPU
        {A0521E3B-452D-4BB5-92FA-A5754AB95C30}.Debug|Any CPU.Build.0 = Debug|Any CPU
        {A0521E3B-452D-4BB5-92FA-A5754AB95C30}.Release|Any CPU.ActiveCfg = Release|Any CPU
        {A0521E3B-452D-4BB5-92FA-A5754AB95C30}.Release|Any CPU.Build.0 = Release|Any CPU
        {06B45B29-1D79-47FD-9054-3BEF484A46ED}.Debug|Any CPU.ActiveCfg = Debug|Any CPU
        {06B45B29-1D79-47FD-9054-3BEF484A46ED}.Debug|Any CPU.Build.0 = Debug|Any CPU
        {06B45B29-1D79-47FD-9054-3BEF484A46ED}.Release|Any CPU.ActiveCfg = Release|Any CPU
        {06B45B29-1D79-47FD-9054-3BEF484A46ED}.Release|Any CPU.Build.0 = Release|Any CPU
        {D1E7AC2E-16CF-4A5D-A16A-8B90937B5036}.Debug|Any CPU.ActiveCfg = Debug|Any CPU
        {D1E7AC2E-16CF-4A5D-A16A-8B90937B5036}.Debug|Any CPU.Build.0 = Debug|Any CPU
        {D1E7AC2E-16CF-4A5D-A16A-8B90937B5036}.Release|Any CPU.ActiveCfg = Release|Any CPU
        {D1E7AC2E-16CF-4A5D-A16A-8B90937B5036}.Release|Any CPU.Build.0 = Release|Any CPU
    EndGlobalSection
    GlobalSection(SolutionProperties) = preSolution
        HideSolutionNode = FALSE
    EndGlobalSection
    GlobalSection(NestedProjects) = preSolution
        {9E6B7F36-AB24-4900-9167-D4A6B07C023C} = {827E0CD3-B72D-47B6-A68D-7590B98EB39B}
        {A0521E3B-452D-4BB5-92FA-A5754AB95C30} = {827E0CD3-B72D-47B6-A68D-7590B98EB39B}
        {06B45B29-1D79-47FD-9054-3BEF484A46ED} = {0AB3BF05-4346-4AA6-1389-037BE0695223}
        {D1E7AC2E-16CF-4A5D-A16A-8B90937B5036} = {0AB3BF05-4346-4AA6-1389-037BE0695223}
    EndGlobalSection
EndGlobal
